
Microsoft Visual Studio Solution File, Format Version 12.00
# Visual Studio Version 16
VisualStudioVersion = 16.0.31025.194
MinimumVisualStudioVersion = 10.0.40219.1
Project("{9A19103F-16F7-4668-BE54-9A1E7A4F7556}") = "TeamServer", "TeamServer\TeamServer.csproj", "{B0CC09AB-F67B-4654-9C58-858D3329368C}"
EndProject
Project("{FAE04EC0-301F-11D3-BF4B-00C04F79EFBC}") = "TeamServer.Tests", "xunitTests\TeamServer.Tests.csproj", "{8509FD5A-3E91-4170-ADB4-553F35AA0370}"
EndProject
Global
	GlobalSection(SolutionConfigurationPlatforms) = preSolution
		Debug|Any CPU = Debug|Any CPU
		Release|Any CPU = Release|Any CPU
	EndGlobalSection
	GlobalSection(ProjectConfigurationPlatforms) = postSolution
		{B0CC09AB-F67B-4654-9C58-858D3329368C}.Debug|Any CPU.ActiveCfg = Debug|Any CPU
		{B0CC09AB-F67B-4654-9C58-858D3329368C}.Debug|Any CPU.Build.0 = Debug|Any CPU
		{B0CC09AB-F67B-4654-9C58-858D3329368C}.Release|Any CPU.ActiveCfg = Release|Any CPU
		{B0CC09AB-F67B-4654-9C58-858D3329368C}.Release|Any CPU.Build.0 = Release|Any CPU
		{8509FD5A-3E91-4170-ADB4-553F35AA0370}.Debug|Any CPU.ActiveCfg = Debug|Any CPU
		{8509FD5A-3E91-4170-ADB4-553F35AA0370}.Debug|Any CPU.Build.0 = Debug|Any CPU
		{8509FD5A-3E91-4170-ADB4-553F35AA0370}.Release|Any CPU.ActiveCfg = Release|Any CPU
		{8509FD5A-3E91-4170-ADB4-553F35AA0370}.Release|Any CPU.Build.0 = Release|Any CPU
	EndGlobalSection
	GlobalSection(SolutionProperties) = preSolution
		HideSolutionNode = FALSE
	EndGlobalSection
	GlobalSection(ExtensibilityGlobals) = postSolution
		SolutionGuid = {E770D83F-5ADA-4A78-AA44-1D52BD5A8F4E}
	EndGlobalSection
EndGlobal
